
Microsoft Visual Studio Solution File, Format Version 12.00
# Visual Studio 2012
Project("{FAE04EC0-301F-11D3-BF4B-00C04F79EFBC}") = "AccessAgaveTemplate", "AccessAgaveTemplate\AccessAgaveTemplate.csproj", "{8987B958-AF02-440F-BB5B-BEF439C3A5B6}"
EndProject
Project("{FAE04EC0-301F-11D3-BF4B-00C04F79EFBC}") = "AccessAgaveTemplateWeb", "AccessAgaveTemplateWeb\AccessAgaveTemplateWeb.csproj", "{AD812172-B456-4B8C-A98A-1DCC32643811}"
EndProject
Global
	GlobalSection(SolutionConfigurationPlatforms) = preSolution
		Debug|Any CPU = Debug|Any CPU
		Release|Any CPU = Release|Any CPU
	EndGlobalSection
	GlobalSection(ProjectConfigurationPlatforms) = postSolution
		{8987B958-AF02-440F-BB5B-BEF439C3A5B6}.Debug|Any CPU.ActiveCfg = Debug|Any CPU
		{8987B958-AF02-440F-BB5B-BEF439C3A5B6}.Debug|Any CPU.Build.0 = Debug|Any CPU
		{8987B958-AF02-440F-BB5B-BEF439C3A5B6}.Debug|Any CPU.Deploy.0 = Debug|Any CPU
		{8987B958-AF02-440F-BB5B-BEF439C3A5B6}.Release|Any CPU.ActiveCfg = Release|Any CPU
		{8987B958-AF02-440F-BB5B-BEF439C3A5B6}.Release|Any CPU.Build.0 = Release|Any CPU
		{8987B958-AF02-440F-BB5B-BEF439C3A5B6}.Release|Any CPU.Deploy.0 = Release|Any CPU
		{AD812172-B456-4B8C-A98A-1DCC32643811}.Debug|Any CPU.ActiveCfg = Debug|Any CPU
		{AD812172-B456-4B8C-A98A-1DCC32643811}.Debug|Any CPU.Build.0 = Debug|Any CPU
		{AD812172-B456-4B8C-A98A-1DCC32643811}.Release|Any CPU.ActiveCfg = Release|Any CPU
		{AD812172-B456-4B8C-A98A-1DCC32643811}.Release|Any CPU.Build.0 = Release|Any CPU
	EndGlobalSection
	GlobalSection(SolutionProperties) = preSolution
		HideSolutionNode = FALSE
	EndGlobalSection
EndGlobal
